72adfebb83c1f80a52c849ccde4bc9c3d2273ca606e75f919888863d4e0b5a17
2669ae76bbe59f93b1d2f896903d70ad8318854076517a0edb0e94c072c9f026
c87a02ced33cd46e3ba7228e445447ee2327a9e5127ebc7e50bb8d9e252671f0
cef13e9157896281f3a8e86544cbaea1f03ce49a5ee02558b7403b6c38145027
893948a788f336b483410877d58af57baebffa03a7084774230ddb167eee9f92
5ec955ba36b9637a8599e7ada4a322e00a762089e41c31fb469622aab72f9492
